
Microsoft Visual Studio Solution File, Format Version 12.00
# Visual Studio Version 17
VisualStudioVersion = 17.5.33516.290
MinimumVisualStudioVersion = 10.0.40219.1
Project("{9A19103F-16F7-4668-BE54-9A1E7A4F7556}") = "Core_Proje", "Core_Proje\Core_Proje.csproj", "{54589215-437B-420C-8CB3-5C8BF3722B64}"
EndProject
Project("{9A19103F-16F7-4668-BE54-9A1E7A4F7556}") = "BusinessLayer", "BusinessLayer\BusinessLayer.csproj", "{74F7E2E9-A298-4EA0-99B2-ADFCAF2D40DC}"
EndProject
Project("{9A19103F-16F7-4668-BE54-9A1E7A4F7556}") = "DataAccessLayer", "DataAccessLayer\DataAccessLayer.csproj", "{9A5034FD-D577-4B5F-A2DD-23C7AD91C298}"
EndProject
Project("{9A19103F-16F7-4668-BE54-9A1E7A4F7556}") = "EntityLayer", "EntityLayer\EntityLayer.csproj", "{452674C5-1B9F-4DBD-B427-32EAD7DA697F}"
EndProject
Global
	GlobalSection(SolutionConfigurationPlatforms) = preSolution
		Debug|Any CPU = Debug|Any CPU
		Release|Any CPU = Release|Any CPU
	EndGlobalSection
	GlobalSection(ProjectConfigurationPlatforms) = postSolution
		{54589215-437B-420C-8CB3-5C8BF3722B64}.Debug|Any CPU.ActiveCfg = Debug|Any CPU
		{54589215-437B-420C-8CB3-5C8BF3722B64}.Debug|Any CPU.Build.0 = Debug|Any CPU
		{54589215-437B-420C-8CB3-5C8BF3722B64}.Release|Any CPU.ActiveCfg = Release|Any CPU
		{54589215-437B-420C-8CB3-5C8BF3722B64}.Release|Any CPU.Build.0 = Release|Any CPU
		{74F7E2E9-A298-4EA0-99B2-ADFCAF2D40DC}.Debug|Any CPU.ActiveCfg = Debug|Any CPU
		{74F7E2E9-A298-4EA0-99B2-ADFCAF2D40DC}.Debug|Any CPU.Build.0 = Debug|Any CPU
		{74F7E2E9-A298-4EA0-99B2-ADFCAF2D40DC}.Release|Any CPU.ActiveCfg = Release|Any CPU
		{74F7E2E9-A298-4EA0-99B2-ADFCAF2D40DC}.Release|Any CPU.Build.0 = Release|Any CPU
		{9A5034FD-D577-4B5F-A2DD-23C7AD91C298}.Debug|Any CPU.ActiveCfg = Debug|Any CPU
		{9A5034FD-D577-4B5F-A2DD-23C7AD91C298}.Debug|Any CPU.Build.0 = Debug|Any CPU
		{9A5034FD-D577-4B5F-A2DD-23C7AD91C298}.Release|Any CPU.ActiveCfg = Release|Any CPU
		{9A5034FD-D577-4B5F-A2DD-23C7AD91C298}.Release|Any CPU.Build.0 = Release|Any CPU
		{452674C5-1B9F-4DBD-B427-32EAD7DA697F}.Debug|Any CPU.ActiveCfg = Debug|Any CPU
		{452674C5-1B9F-4DBD-B427-32EAD7DA697F}.Debug|Any CPU.Build.0 = Debug|Any CPU
		{452674C5-1B9F-4DBD-B427-32EAD7DA697F}.Release|Any CPU.ActiveCfg = Release|Any CPU
		{452674C5-1B9F-4DBD-B427-32EAD7DA697F}.Release|Any CPU.Build.0 = Release|Any CPU
	EndGlobalSection
	GlobalSection(SolutionProperties) = preSolution
		HideSolutionNode = FALSE
	EndGlobalSection
	GlobalSection(ExtensibilityGlobals) = postSolution
		SolutionGuid = {5913F039-B7DB-4A8B-A595-FACF7ABA5660}
	EndGlobalSection
EndGlobal
